
Microsoft Visual Studio Solution File, Format Version 12.00
# Visual Studio Version 16
VisualStudioVersion = 16.0.30717.126
MinimumVisualStudioVersion = 10.0.40219.1
Project("{9A19103F-16F7-4668-BE54-9A1E7A4F7556}") = "SSOService", "SSOService.csproj", "{09865F1B-48E9-48E1-9AB2-DFA9CF94C47B}"
EndProject
Project("{9A19103F-16F7-4668-BE54-9A1E7A4F7556}") = "SSODataBase", "..\SSODataBase\SSODataBase.csproj", "{9317C0E7-BA7E-463D-8C99-0828BDDBF64C}"
EndProject
Project("{9A19103F-16F7-4668-BE54-9A1E7A4F7556}") = "SSO.WebA", "..\SSO.WebA\SSO.WebA.csproj", "{0F69756E-883A-4F0E-9332-ED67A575CB97}"
EndProject
Project("{9A19103F-16F7-4668-BE54-9A1E7A4F7556}") = "SSO.WebB", "..\SSO.WebB\SSO.WebB.csproj", "{D49DB526-9449-45D4-9D4C-4EE878656D00}"
EndProject
Project("{FAE04EC0-301F-11D3-BF4B-00C04F79EFBC}") = "SSOCommon", "..\SSOCommon\SSOCommon.csproj", "{AD2B0841-6CE1-4DD2-9888-4A00630E3C63}"
EndProject
Global
	GlobalSection(SolutionConfigurationPlatforms) = preSolution
		Debug|Any CPU = Debug|Any CPU
		Release|Any CPU = Release|Any CPU
	EndGlobalSection
	GlobalSection(ProjectConfigurationPlatforms) = postSolution
		{09865F1B-48E9-48E1-9AB2-DFA9CF94C47B}.Debug|Any CPU.ActiveCfg = Debug|Any CPU
		{09865F1B-48E9-48E1-9AB2-DFA9CF94C47B}.Debug|Any CPU.Build.0 = Debug|Any CPU
		{09865F1B-48E9-48E1-9AB2-DFA9CF94C47B}.Release|Any CPU.ActiveCfg = Release|Any CPU
		{09865F1B-48E9-48E1-9AB2-DFA9CF94C47B}.Release|Any CPU.Build.0 = Release|Any CPU
		{9317C0E7-BA7E-463D-8C99-0828BDDBF64C}.Debug|Any CPU.ActiveCfg = Debug|Any CPU
		{9317C0E7-BA7E-463D-8C99-0828BDDBF64C}.Debug|Any CPU.Build.0 = Debug|Any CPU
		{9317C0E7-BA7E-463D-8C99-0828BDDBF64C}.Release|Any CPU.ActiveCfg = Release|Any CPU
		{9317C0E7-BA7E-463D-8C99-0828BDDBF64C}.Release|Any CPU.Build.0 = Release|Any CPU
		{0F69756E-883A-4F0E-9332-ED67A575CB97}.Debug|Any CPU.ActiveCfg = Debug|Any CPU
		{0F69756E-883A-4F0E-9332-ED67A575CB97}.Debug|Any CPU.Build.0 = Debug|Any CPU
		{0F69756E-883A-4F0E-9332-ED67A575CB97}.Release|Any CPU.ActiveCfg = Release|Any CPU
		{0F69756E-883A-4F0E-9332-ED67A575CB97}.Release|Any CPU.Build.0 = Release|Any CPU
		{D49DB526-9449-45D4-9D4C-4EE878656D00}.Debug|Any CPU.ActiveCfg = Debug|Any CPU
		{D49DB526-9449-45D4-9D4C-4EE878656D00}.Debug|Any CPU.Build.0 = Debug|Any CPU
		{D49DB526-9449-45D4-9D4C-4EE878656D00}.Release|Any CPU.ActiveCfg = Release|Any CPU
		{D49DB526-9449-45D4-9D4C-4EE878656D00}.Release|Any CPU.Build.0 = Release|Any CPU
		{AD2B0841-6CE1-4DD2-9888-4A00630E3C63}.Debug|Any CPU.ActiveCfg = Debug|Any CPU
		{AD2B0841-6CE1-4DD2-9888-4A00630E3C63}.Debug|Any CPU.Build.0 = Debug|Any CPU
		{AD2B0841-6CE1-4DD2-9888-4A00630E3C63}.Release|Any CPU.ActiveCfg = Release|Any CPU
		{AD2B0841-6CE1-4DD2-9888-4A00630E3C63}.Release|Any CPU.Build.0 = Release|Any CPU
	EndGlobalSection
	GlobalSection(SolutionProperties) = preSolution
		HideSolutionNode = FALSE
	EndGlobalSection
	GlobalSection(ExtensibilityGlobals) = postSolution
		SolutionGuid = {396BB2AE-C438-4213-A525-9E8D15F4394C}
	EndGlobalSection
EndGlobal
